{
  "name": "mypdf",
  "version": "1.0.0",
  "lockfileVersion": 1,
  "requires": true,
  "dependencies": {
    "deeks": {
      "version": "2.2.1",
      "resolved": "https://registry.npmjs.org/deeks/-/deeks-2.2.1.tgz",
      "integrity": "sha512-D2Qu3Fv5zBtBzXjXIUgWPRYn30d/IG6SCPOKIz42+LVTwhPeRI5+DAxdzap0vI2zYheiErIpVLwaUQBoA/iENw==",
      "requires": {
        "underscore": "1.9.1"
      }
    },
    "doc-path": {
      "version": "2.0.1",
      "resolved": "https://registry.npmjs.org/doc-path/-/doc-path-2.0.1.tgz",
      "integrity": "sha512-/CCG157H//3l513omROUzaREChY/OYpxqYXvQcv7gsrwGfjVOh5d/1gJigHJ6iTnO77pA8rMLZ63CgEPEM6+9Q=="
    },
    "json-2-csv": {
      "version": "3.5.7",
      "resolved": "https://registry.npmjs.org/json-2-csv/-/json-2-csv-3.5.7.tgz",
      "integrity": "sha512-4TyrgU5bIvXhgZRx7nZzeU25NFRUbwRChM9/QyNmxihgOYF0pSHg/U9OYIc4lDYwvYcwItPhvEB6I4XQ82ZePw==",
      "requires": {
        "deeks": "2.2.1",
        "doc-path": "2.0.1",
        "underscore": "1.9.1"
      }
    },
    "pdf2json": {
      "version": "1.1.8",
      "resolved": "https://registry.npmjs.org/pdf2json/-/pdf2json-1.1.8.tgz",
      "integrity": "sha512-ka7l/w+4FM5vdI8X9UihxqdTispanZ72ZKsFdghwpBaHcIhXeWCO0qs81P9modFZHf7s4znf0sxc5k6wk6L4Og==",
      "requires": {
        "async": "^2.0.1",
        "lodash": "^4.15.0",
        "optimist": "^0.6.1",
        "xmldom": "^0.1.22"
      },
      "dependencies": {
        "async": {
          "version": "2.0.1",
          "bundled": true,
          "requires": {
            "lodash": "^4.8.0"
          }
        },
        "lodash": {
          "version": "4.15.0",
          "bundled": true
        },
        "minimist": {
          "version": "0.0.10",
          "bundled": true
        },
        "optimist": {
          "version": "0.6.1",
          "bundled": true,
          "requires": {
            "minimist": "~0.0.1",
            "wordwrap": "~0.0.2"
          }
        },
        "wordwrap": {
          "version": "0.0.3",
          "bundled": true
        },
        "xmldom": {
          "version": "0.1.22",
          "bundled": true
        }
      }
    },
    "underscore": {
      "version": "1.9.1",
      "resolved": "https://registry.npmjs.org/underscore/-/underscore-1.9.1.tgz",
      "integrity": "sha512-5/4etnCkd9c8gwgowi5/om/mYO5ajCaOgdzj/oW+0eQV9WxKBDZw5+ycmKmeaTXjInS/W0BzpGLo2xR2aBwZdg=="
    }
  }
}
